// !$*UTF8*$!
{
	archiveVersion = 1;
	classes = {
	};
	objectVersion = 77;
	objects = {

/* Begin PBXBuildFile section */
		67743F882F9DBC50007339B3 /* FirebaseAnalytics in Frameworks */ = {isa = PBXBuildFile; productRef = 67743F872F9DBC50007339B3 /* FirebaseAnalytics */; };
		67743F8A2F9DBC50007339B3 /* FirebaseAuth in Frameworks */ = {isa = PBXBuildFile; productRef = 67743F892F9DBC50007339B3 /* FirebaseAuth */; };
		67743F8C2F9DBC50007339B3 /* FirebaseCore in Frameworks */ = {isa = PBXBuildFile; productRef = 67743F8B2F9DBC50007339B3 /* FirebaseCore */; };
		67743F8E2F9DBC50007339B3 /* FirebaseCrashlytics in Frameworks */ = {isa = PBXBuildFile; productRef = 67743F8D2F9DBC50007339B3 /* FirebaseCrashlytics */; };
		67743F902F9DBC50007339B3 /* FirebaseDatabase in Frameworks */ = {isa = PBXBuildFile; productRef = 67743F8F2F9DBC50007339B3 /* FirebaseDatabase */; };
		67743F922F9DBC50007339B3 /* FirebaseFirestore in Frameworks */ = {isa = PBXBuildFile; productRef = 67743F912F9DBC50007339B3 /* FirebaseFirestore */; };
		67743F942F9DBC50007339B3 /* FirebaseFunctions in Frameworks */ = {isa = PBXBuildFile; productRef = 67743F932F9DBC50007339B3 /* FirebaseFunctions */; };
		67743F962F9DBC50007339B3 /* FirebaseRemoteConfig in Frameworks */ = {isa = PBXBuildFile; productRef = 67743F952F9DBC50007339B3 /* FirebaseRemoteConfig */; };
		67743F982F9DBC50007339B3 /* FirebaseStorage in Frameworks */ = {isa = PBXBuildFile; productRef = 67743F972F9DBC50007339B3 /* FirebaseStorage */; };
		67743FBF2F9DD005007339B3 /* GoogleSignIn in Frameworks */ = {isa = PBXBuildFile; productRef = 67743FBE2F9DD005007339B3 /* GoogleSignIn */; };
		67743FC12F9DD005007339B3 /* GoogleSignInSwift in Frameworks */ = {isa = PBXBuildFile; productRef = 67743FC02F9DD005007339B3 /* GoogleSignInSwift */; };
/* End PBXBuildFile section */

/* Begin PBXFileReference section */
		67D829782DF673CA00A43E55 /* LibriumFinal.app */ = {isa = PBXFileReference; explicitFileType = wrapper.application; includeInIndex = 0; path = LibriumFinal.app; sourceTree = BUILT_PRODUCTS_DIR; };
/* End PBXFileReference section */

/* Begin PBXFileSystemSynchronizedBuildFileExceptionSet section */
		678F55332DF6ABB900FB379C /* Exceptions for "LibriumFinal" folder in "LibriumFinal" target */ = {
			isa = PBXFileSystemSynchronizedBuildFileExceptionSet;
			membershipExceptions = (
				Info.plist,
			);
			target = 67D829772DF673CA00A43E55 /* LibriumFinal */;
		};
/* End PBXFileSystemSynchronizedBuildFileExceptionSet section */

/* Begin PBXFileSystemSynchronizedRootGroup section */
		67D8297A2DF673CA00A43E55 /* LibriumFinal */ = {
			isa = PBXFileSystemSynchronizedRootGroup;
			exceptions = (
				678F55332DF6ABB900FB379C /* Exceptions for "LibriumFinal" folder in "LibriumFinal" target */,
			);
			path = LibriumFinal;
			sourceTree = "<group>";
		};
/* End PBXFileSystemSynchronizedRootGroup section */

/* Begin PBXFrameworksBuildPhase section */
		67D829752DF673CA00A43E55 /* Frameworks */ = {
			isa = PBXFrameworksBuildPhase;
			buildActionMask = 2147483647;
			files = (
				67743F902F9DBC50007339B3 /* FirebaseDatabase in Frameworks */,
				67743F942F9DBC50007339B3 /* FirebaseFunctions in Frameworks */,
				67743F982F9DBC50007339B3 /* FirebaseStorage in Frameworks */,
				67743F882F9DBC50007339B3 /* FirebaseAnalytics in Frameworks */,
				67743F8E2F9DBC50007339B3 /* FirebaseCrashlytics in Frameworks */,
				67743FBF2F9DD005007339B3 /* GoogleSignIn in Frameworks */,
				67743F8C2F9DBC50007339B3 /* FirebaseCore in Frameworks */,
				67743F8A2F9DBC50007339B3 /* FirebaseAuth in Frameworks */,
				67743F922F9DBC50007339B3 /* FirebaseFirestore in Frameworks */,
				67743F962F9DBC50007339B3 /* FirebaseRemoteConfig in Frameworks */,
				67743FC12F9DD005007339B3 /* GoogleSignInSwift in Frameworks */,
			);
			runOnlyForDeploymentPostprocessing = 0;
		};
/* End PBXFrameworksBuildPhase section */

/* Begin PBXGroup section */
		67D8296F2DF673CA00A43E55 = {
			isa = PBXGroup;
			children = (
				67D8297A2DF673CA00A43E55 /* LibriumFinal */,
				67D829792DF673CA00A43E55 /* Products */,
			);
			sourceTree = "<group>";
		};
		67D829792DF673CA00A43E55 /* Products */ = {
			isa = PBXGroup;
			children = (
				67D829782DF673CA00A43E55 /* LibriumFinal.app */,
			);
			name = Products;
			sourceTree = "<group>";
		};
/* End PBXGroup section */

/* Begin PBXNativeTarget section */
		67D829772DF673CA00A43E55 /* LibriumFinal */ = {
			isa = PBXNativeTarget;
			buildConfigurationList = 67D829832DF673CC00A43E55 /* Build configuration list for PBXNativeTarget "LibriumFinal" */;
			buildPhases = (
				67D829742DF673CA00A43E55 /* Sources */,
				67D829752DF673CA00A43E55 /* Frameworks */,
				67D829762DF673CA00A43E55 /* Resources */,
			);
			buildRules = (
			);
			dependencies = (
			);
			fileSystemSynchronizedGroups = (
				67D8297A2DF673CA00A43E55 /* LibriumFinal */,
			);
			name = LibriumFinal;
			packageProductDependencies = (
				67743F872F9DBC50007339B3 /* FirebaseAnalytics */,
				67743F892F9DBC50007339B3 /* FirebaseAuth */,
				67743F8B2F9DBC50007339B3 /* FirebaseCore */,
				67743F8D2F9DBC50007339B3 /* FirebaseCrashlytics */,
				67743F8F2F9DBC50007339B3 /* FirebaseDatabase */,
				67743F912F9DBC50007339B3 /* FirebaseFirestore */,
				67743F932F9DBC50007339B3 /* FirebaseFunctions */,
				67743F952F9DBC50007339B3 /* FirebaseRemoteConfig */,
				67743F972F9DBC50007339B3 /* FirebaseStorage */,
				67743FBE2F9DD005007339B3 /* GoogleSignIn */,
				67743FC02F9DD005007339B3 /* GoogleSignInSwift */,
			);
			productName = LibriumFinal;
			productReference = 67D829782DF673CA00A43E55 /* LibriumFinal.app */;
			productType = "com.apple.product-type.application";
		};
/* End PBXNativeTarget section */

/* Begin PBXProject section */
		67D829702DF673CA00A43E55 /* Project object */ = {
			isa = PBXProject;
			attributes = {
				BuildIndependentTargetsInParallel = 1;
				LastSwiftUpdateCheck = 1640;
				LastUpgradeCheck = 1640;
				TargetAttributes = {
					67D829772DF673CA00A43E55 = {
						CreatedOnToolsVersion = 16.4;
					};
				};
			};
			buildConfigurationList = 67D829732DF673CA00A43E55 /* Build configuration list for PBXProject "LibriumFinal" */;
			developmentRegion = en;
			hasScannedForEncodings = 0;
			knownRegions = (
				en,
				Base,
			);
			mainGroup = 67D8296F2DF673CA00A43E55;
			minimizedProjectReferenceProxies = 1;
			packageReferences = (
				67743F862F9DBC50007339B3 /* XCRemoteSwiftPackageReference "firebase-ios-sdk" */,
				67743FBD2F9DD005007339B3 /* XCRemoteSwiftPackageReference "GoogleSignIn-iOS" */,
			);
			preferredProjectObjectVersion = 77;
			productRefGroup = 67D829792DF673CA00A43E55 /* Products */;
			projectDirPath = "";
			projectRoot = "";
			targets = (
				67D829772DF673CA00A43E55 /* LibriumFinal */,
			);
		};
/* End PBXProject section */

/* Begin PBXResourcesBuildPhase section */
		67D829762DF673CA00A43E55 /* Resources */ = {
			isa = PBXResourcesBuildPhase;
			buildActionMask = 2147483647;
			files = (
			);
			runOnlyForDeploymentPostprocessing = 0;
		};
/* End PBXResourcesBuildPhase section */

/* Begin PBXSourcesBuildPhase section */
		67D829742DF673CA00A43E55 /* Sources */ = {
			isa = PBXSourcesBuildPhase;
			buildActionMask = 2147483647;
			files = (
			);
			runOnlyForDeploymentPostprocessing = 0;
		};
/* End PBXSourcesBuildPhase section */

/* Begin XCBuildConfiguration section */
		67D829812DF673CC00A43E55 /* Debug */ = {
			isa = XCBuildConfiguration;
			buildSettings = {
				ALWAYS_SEARCH_USER_PATHS = NO;
				ASSETCATALOG_COMPILER_GENERATE_SWIFT_ASSET_SYMBOL_EXTENSIONS = YES;
				CLANG_ANALYZER_NONNULL = YES;
				CLANG_ANALYZER_NUMBER_OBJECT_CONVERSION = YES_AGGRESSIVE;
				CLANG_CXX_LANGUAGE_STANDARD = "gnu++20";
				CLANG_ENABLE_MODULES = YES;
				CLANG_ENABLE_OBJC_ARC = YES;
				CLANG_ENABLE_OBJC_WEAK = YES;
				CLANG_WARN_BLOCK_CAPTURE_AUTORELEASING = YES;
				CLANG_WARN_BOOL_CONVERSION = YES;
				CLANG_WARN_COMMA = YES;
				CLANG_WARN_CONSTANT_CONVERSION = YES;
				CLANG_WARN_DEPRECATED_OBJC_IMPLEMENTATIONS = YES;
				CLANG_WARN_DIRECT_OBJC_ISA_USAGE = YES_ERROR;
				CLANG_WARN_DOCUMENTATION_COMMENTS = YES;
				CLANG_WARN_EMPTY_BODY = YES;
				CLANG_WARN_ENUM_CONVERSION = YES;
				CLANG_WARN_INFINITE_RECURSION = YES;
				CLANG_WARN_INT_CONVERSION = YES;
				CLANG_WARN_NON_LITERAL_NULL_CONVERSION = YES;
				CLANG_WARN_OBJC_IMPLICIT_RETAIN_SELF = YES;
				CLANG_WARN_OBJC_LITERAL_CONVERSION = YES;
				CLANG_WARN_OBJC_ROOT_CLASS = YES_ERROR;
				CLANG_WARN_QUOTED_INCLUDE_IN_FRAMEWORK_HEADER = YES;
				CLANG_WARN_RANGE_LOOP_ANALYSIS = YES;
				CLANG_WARN_STRICT_PROTOTYPES = YES;
				CLANG_WARN_SUSPICIOUS_MOVE = YES;
				CLANG_WARN_UNGUARDED_AVAILABILITY = YES_AGGRESSIVE;
				CLANG_WARN_UNREACHABLE_CODE = YES;
				CLANG_WARN__DUPLICATE_METHOD_MATCH = YES;
				COPY_PHASE_STRIP = NO;
				DEBUG_INFORMATION_FORMAT = dwarf;
				DEVELOPMENT_TEAM = ULR7W726N5;
				ENABLE_STRICT_OBJC_MSGSEND = YES;
				ENABLE_TESTABILITY = YES;
				ENABLE_USER_SCRIPT_SANDBOXING = YES;
				GCC_C_LANGUAGE_STANDARD = gnu17;
				GCC_DYNAMIC_NO_PIC = NO;
				GCC_NO_COMMON_BLOCKS = YES;
				GCC_OPTIMIZATION_LEVEL = 0;
				GCC_PREPROCESSOR_DEFINITIONS = (
					"DEBUG=1",
					"$(inherited)",
				);
				GCC_WARN_64_TO_32_BIT_CONVERSION = YES;
				GCC_WARN_ABOUT_RETURN_TYPE = YES_ERROR;
				GCC_WARN_UNDECLARED_SELECTOR = YES;
				GCC_WARN_UNINITIALIZED_AUTOS = YES_AGGRESSIVE;
				GCC_WARN_UNUSED_FUNCTION = YES;
				GCC_WARN_UNUSED_VARIABLE = YES;
				IPHONEOS_DEPLOYMENT_TARGET = 17.6;
				LOCALIZATION_PREFERS_STRING_CATALOGS = YES;
				MTL_ENABLE_DEBUG_INFO = INCLUDE_SOURCE;
				MTL_FAST_MATH = YES;
				ONLY_ACTIVE_ARCH = YES;
				SDKROOT = iphoneos;
				SWIFT_ACTIVE_COMPILATION_CONDITIONS = "DEBUG $(inherited)";
				SWIFT_OPTIMIZATION_LEVEL = "-Onone";
			};
			name = Debug;
		};
		67D829822DF673CC00A43E55 /* Release */ = {
			isa = XCBuildConfiguration;
			buildSettings = {
				ALWAYS_SEARCH_USER_PATHS = NO;
				ASSETCATALOG_COMPILER_GENERATE_SWIFT_ASSET_SYMBOL_EXTENSIONS = YES;
				CLANG_ANALYZER_NONNULL = YES;
				CLANG_ANALYZER_NUMBER_OBJECT_CONVERSION = YES_AGGRESSIVE;
				CLANG_CXX_LANGUAGE_STANDARD = "gnu++20";
				CLANG_ENABLE_MODULES = YES;
				CLANG_ENABLE_OBJC_ARC = YES;
				CLANG_ENABLE_OBJC_WEAK = YES;
				CLANG_WARN_BLOCK_CAPTURE_AUTORELEASING = YES;
				CLANG_WARN_BOOL_CONVERSION = YES;
				CLANG_WARN_COMMA = YES;
				CLANG_WARN_CONSTANT_CONVERSION = YES;
				CLANG_WARN_DEPRECATED_OBJC_IMPLEMENTATIONS = YES;
				CLANG_WARN_DIRECT_OBJC_ISA_USAGE = YES_ERROR;
				CLANG_WARN_DOCUMENTATION_COMMENTS = YES;
				CLANG_WARN_EMPTY_BODY = YES;
				CLANG_WARN_ENUM_CONVERSION = YES;
				CLANG_WARN_INFINITE_RECURSION = YES;
				CLANG_WARN_INT_CONVERSION = YES;
				CLANG_WARN_NON_LITERAL_NULL_CONVERSION = YES;
				CLANG_WARN_OBJC_IMPLICIT_RETAIN_SELF = YES;
				CLANG_WARN_OBJC_LITERAL_CONVERSION = YES;
				CLANG_WARN_OBJC_ROOT_CLASS = YES_ERROR;
				CLANG_WARN_QUOTED_INCLUDE_IN_FRAMEWORK_HEADER = YES;
				CLANG_WARN_RANGE_LOOP_ANALYSIS = YES;
				CLANG_WARN_STRICT_PROTOTYPES = YES;
				CLANG_WARN_SUSPICIOUS_MOVE = YES;
				CLANG_WARN_UNGUARDED_AVAILABILITY = YES_AGGRESSIVE;
				CLANG_WARN_UNREACHABLE_CODE = YES;
				CLANG_WARN__DUPLICATE_METHOD_MATCH = YES;
				COPY_PHASE_STRIP = NO;
				DEBUG_INFORMATION_FORMAT = "dwarf-with-dsym";
				DEVELOPMENT_TEAM = ULR7W726N5;
				ENABLE_NS_ASSERTIONS = NO;
				ENABLE_STRICT_OBJC_MSGSEND = YES;
				ENABLE_USER_SCRIPT_SANDBOXING = YES;
				GCC_C_LANGUAGE_STANDARD = gnu17;
				GCC_NO_COMMON_BLOCKS = YES;
				GCC_WARN_64_TO_32_BIT_CONVERSION = YES;
				GCC_WARN_ABOUT_RETURN_TYPE = YES_ERROR;
				GCC_WARN_UNDECLARED_SELECTOR = YES;
				GCC_WARN_UNINITIALIZED_AUTOS = YES_AGGRESSIVE;
				GCC_WARN_UNUSED_FUNCTION = YES;
				GCC_WARN_UNUSED_VARIABLE = YES;
				IPHONEOS_DEPLOYMENT_TARGET = 17.6;
				LOCALIZATION_PREFERS_STRING_CATALOGS = YES;
				MTL_ENABLE_DEBUG_INFO = NO;
				MTL_FAST_MATH = YES;
				SDKROOT = iphoneos;
				SWIFT_COMPILATION_MODE = wholemodule;
				VALIDATE_PRODUCT = YES;
			};
			name = Release;
		};
		67D829842DF673CC00A43E55 /* Debug */ = {
			isa = XCBuildConfiguration;
			buildSettings = {
				ASSETCATALOG_COMPILER_APPICON_NAME = AppIcon;
				ASSETCATALOG_COMPILER_GLOBAL_ACCENT_COLOR_NAME = AccentColor;
				CODE_SIGN_ENTITLEMENTS = LibriumFinal/LibriumFinal.entitlements;
				CODE_SIGN_IDENTITY = "Apple Development";
				CODE_SIGN_STYLE = Automatic;
				CURRENT_PROJECT_VERSION = 1;
				DEVELOPMENT_TEAM = ULR7W726N5;
				ENABLE_PREVIEWS = YES;
				GENERATE_INFOPLIST_FILE = YES;
				INFOPLIST_FILE = LibriumFinal/Info.plist;
				INFOPLIST_KEY_CFBundleDisplayName = Equilibrium;
				INFOPLIST_KEY_LSApplicationCategoryType = "";
				INFOPLIST_KEY_NFCReaderUsageDescription = "Equilibrium reads NFC tags to swap\n  contact cards.";
				INFOPLIST_KEY_NSCalendarsFullAccessUsageDescription = "LIBRIUM accesses your calendar to help your AI assistant prepare you for meetings, suggest optimal break times, balance your schedule for better work-life harmony, and send wellness reminders between appointments.\n";
				INFOPLIST_KEY_NSCalendarsWriteOnlyAccessUsageDescription = "LIBRUIM uses calendar to create events and schedule appointments";
				INFOPLIST_KEY_NSCameraUsageDescription = "Equilibrium uses the camera to scan contact QR  \n  codes.\"                           ";
				INFOPLIST_KEY_NSContactsUsageDescription = "LIBRIUM uses contacts to text and follow up with clients  and freinds";
				INFOPLIST_KEY_NSHealthShareUsageDescription = "LIBRIUM reads your health data from Apple Health to provide personalized wellness insights, track your progress toward health goals, and enable your AI assistant to give you intelligent recommendations about your well-being.\n";
				INFOPLIST_KEY_NSHealthUpdateUsageDescription = "LIBRIUM writes wellness data and achievements to Apple Health to keep all your health information synchronized and help you track your complete wellness journey in one place.\n";
				INFOPLIST_KEY_NSLocationWhenInUseUsageDescription = "Librium uses location to set places of events. ";
				INFOPLIST_KEY_NSMicrophoneUsageDescription = "LIBRIUM needs microphone access to enable voice commands with your AI wellness assistant. Speak naturally to ask about your health data, schedule meetings, get productivity tips, and manage your daily wellness routine hands-free.\n";
				INFOPLIST_KEY_NSRemindersUsageDescription = "LIBRIUM creates and manages wellness reminders to help you maintain healthy habits, take breaks, stay hydrated, and achieve your daily health and productivity goals.\n";
				INFOPLIST_KEY_NSSpeechRecognitionUsageDescription = "LIBRIUM uses speech recognition to understand your voice commands and questions about health, productivity, and wellness. This enables natural conversations with your AI assistant to help you maintain work-life balance.\n";
				INFOPLIST_KEY_UIApplicationSceneManifest_Generation = YES;
				INFOPLIST_KEY_UIApplicationSupportsIndirectInputEvents = YES;
				INFOPLIST_KEY_UILaunchScreen_Generation = YES;
				INFOPLIST_KEY_UISupportedInterfaceOrientations_iPad = "UIInterfaceOrientationPortrait UIInterfaceOrientationPortraitUpsideDown UIInterfaceOrientationLandscapeLeft UIInterfaceOrientationLandscapeRight";
				INFOPLIST_KEY_UISupportedInterfaceOrientations_iPhone = "UIInterfaceOrientationPortrait UIInterfaceOrientationLandscapeLeft UIInterfaceOrientationLandscapeRight";
				LD_RUNPATH_SEARCH_PATHS = (
					"$(inherited)",
					"@executable_path/Frameworks",
				);
				MARKETING_VERSION = 1.0;
				PRODUCT_BUNDLE_IDENTIFIER = coldharbor.LibriumFinal;
				PRODUCT_NAME = "$(TARGET_NAME)";
				PROVISIONING_PROFILE_SPECIFIER = "";
				SWIFT_EMIT_LOC_STRINGS = YES;
				SWIFT_VERSION = 5.0;
				TARGETED_DEVICE_FAMILY = "1,2";
			};
			name = Debug;
		};
		67D829852DF673CC00A43E55 /* Release */ = {
			isa = XCBuildConfiguration;
			buildSettings = {
				ASSETCATALOG_COMPILER_APPICON_NAME = AppIcon;
				ASSETCATALOG_COMPILER_GLOBAL_ACCENT_COLOR_NAME = AccentColor;
				CODE_SIGN_ENTITLEMENTS = LibriumFinal/LibriumFinal.entitlements;
				CODE_SIGN_IDENTITY = "Apple Development";
				CODE_SIGN_STYLE = Automatic;
				CURRENT_PROJECT_VERSION = 1;
				DEVELOPMENT_TEAM = ULR7W726N5;
				ENABLE_PREVIEWS = YES;
				GENERATE_INFOPLIST_FILE = YES;
				INFOPLIST_FILE = LibriumFinal/Info.plist;
				INFOPLIST_KEY_CFBundleDisplayName = Equilibrium;
				INFOPLIST_KEY_LSApplicationCategoryType = "";
				INFOPLIST_KEY_NFCReaderUsageDescription = "Equilibrium reads NFC tags to swap\n  contact cards.";
				INFOPLIST_KEY_NSCalendarsFullAccessUsageDescription = "LIBRIUM accesses your calendar to help your AI assistant prepare you for meetings, suggest optimal break times, balance your schedule for better work-life harmony, and send wellness reminders between appointments.\n";
				INFOPLIST_KEY_NSCalendarsWriteOnlyAccessUsageDescription = "LIBRUIM uses calendar to create events and schedule appointments";
				INFOPLIST_KEY_NSCameraUsageDescription = "Equilibrium uses the camera to scan contact QR  \n  codes.\"                           ";
				INFOPLIST_KEY_NSContactsUsageDescription = "LIBRIUM uses contacts to text and follow up with clients  and freinds";
				INFOPLIST_KEY_NSHealthShareUsageDescription = "LIBRIUM reads your health data from Apple Health to provide personalized wellness insights, track your progress toward health goals, and enable your AI assistant to give you intelligent recommendations about your well-being.\n";
				INFOPLIST_KEY_NSHealthUpdateUsageDescription = "LIBRIUM writes wellness data and achievements to Apple Health to keep all your health information synchronized and help you track your complete wellness journey in one place.\n";
				INFOPLIST_KEY_NSLocationWhenInUseUsageDescription = "Librium uses location to set places of events. ";
				INFOPLIST_KEY_NSMicrophoneUsageDescription = "LIBRIUM needs microphone access to enable voice commands with your AI wellness assistant. Speak naturally to ask about your health data, schedule meetings, get productivity tips, and manage your daily wellness routine hands-free.\n";
				INFOPLIST_KEY_NSRemindersUsageDescription = "LIBRIUM creates and manages wellness reminders to help you maintain healthy habits, take breaks, stay hydrated, and achieve your daily health and productivity goals.\n";
				INFOPLIST_KEY_NSSpeechRecognitionUsageDescription = "LIBRIUM uses speech recognition to understand your voice commands and questions about health, productivity, and wellness. This enables natural conversations with your AI assistant to help you maintain work-life balance.\n";
				INFOPLIST_KEY_UIApplicationSceneManifest_Generation = YES;
				INFOPLIST_KEY_UIApplicationSupportsIndirectInputEvents = YES;
				INFOPLIST_KEY_UILaunchScreen_Generation = YES;
				INFOPLIST_KEY_UISupportedInterfaceOrientations_iPad = "UIInterfaceOrientationPortrait UIInterfaceOrientationPortraitUpsideDown UIInterfaceOrientationLandscapeLeft UIInterfaceOrientationLandscapeRight";
				INFOPLIST_KEY_UISupportedInterfaceOrientations_iPhone = "UIInterfaceOrientationPortrait UIInterfaceOrientationLandscapeLeft UIInterfaceOrientationLandscapeRight";
				LD_RUNPATH_SEARCH_PATHS = (
					"$(inherited)",
					"@executable_path/Frameworks",
				);
				MARKETING_VERSION = 1.0;
				PRODUCT_BUNDLE_IDENTIFIER = coldharbor.LibriumFinal;
				PRODUCT_NAME = "$(TARGET_NAME)";
				PROVISIONING_PROFILE_SPECIFIER = "";
				SWIFT_EMIT_LOC_STRINGS = YES;
				SWIFT_VERSION = 5.0;
				TARGETED_DEVICE_FAMILY = "1,2";
			};
			name = Release;
		};
/* End XCBuildConfiguration section */

/* Begin XCConfigurationList section */
		67D829732DF673CA00A43E55 /* Build configuration list for PBXProject "LibriumFinal" */ = {
			isa = XCConfigurationList;
			buildConfigurations = (
				67D829812DF673CC00A43E55 /* Debug */,
				67D829822DF673CC00A43E55 /* Release */,
			);
			defaultConfigurationIsVisible = 0;
			defaultConfigurationName = Release;
		};
		67D829832DF673CC00A43E55 /* Build configuration list for PBXNativeTarget "LibriumFinal" */ = {
			isa = XCConfigurationList;
			buildConfigurations = (
				67D829842DF673CC00A43E55 /* Debug */,
				67D829852DF673CC00A43E55 /* Release */,
			);
			defaultConfigurationIsVisible = 0;
			defaultConfigurationName = Release;
		};
/* End XCConfigurationList section */

/* Begin XCRemoteSwiftPackageReference section */
		67743F862F9DBC50007339B3 /* XCRemoteSwiftPackageReference "firebase-ios-sdk" */ = {
			isa = XCRemoteSwiftPackageReference;
			repositoryURL = "https://github.com/firebase/firebase-ios-sdk";
			requirement = {
				kind = upToNextMajorVersion;
				minimumVersion = 12.12.1;
			};
		};
		67743FBD2F9DD005007339B3 /* XCRemoteSwiftPackageReference "GoogleSignIn-iOS" */ = {
			isa = XCRemoteSwiftPackageReference;
			repositoryURL = "https://github.com/google/GoogleSignIn-iOS";
			requirement = {
				kind = upToNextMajorVersion;
				minimumVersion = 9.1.0;
			};
		};
/* End XCRemoteSwiftPackageReference section */

/* Begin XCSwiftPackageProductDependency section */
		67743F872F9DBC50007339B3 /* FirebaseAnalytics */ = {
			isa = XCSwiftPackageProductDependency;
			package = 67743F862F9DBC50007339B3 /* XCRemoteSwiftPackageReference "firebase-ios-sdk" */;
			productName = FirebaseAnalytics;
		};
		67743F892F9DBC50007339B3 /* FirebaseAuth */ = {
			isa = XCSwiftPackageProductDependency;
			package = 67743F862F9DBC50007339B3 /* XCRemoteSwiftPackageReference "firebase-ios-sdk" */;
			productName = FirebaseAuth;
		};
		67743F8B2F9DBC50007339B3 /* FirebaseCore */ = {
			isa = XCSwiftPackageProductDependency;
			package = 67743F862F9DBC50007339B3 /* XCRemoteSwiftPackageReference "firebase-ios-sdk" */;
			productName = FirebaseCore;
		};
		67743F8D2F9DBC50007339B3 /* FirebaseCrashlytics */ = {
			isa = XCSwiftPackageProductDependency;
			package = 67743F862F9DBC50007339B3 /* XCRemoteSwiftPackageReference "firebase-ios-sdk" */;
			productName = FirebaseCrashlytics;
		};
		67743F8F2F9DBC50007339B3 /* FirebaseDatabase */ = {
			isa = XCSwiftPackageProductDependency;
			package = 67743F862F9DBC50007339B3 /* XCRemoteSwiftPackageReference "firebase-ios-sdk" */;
			productName = FirebaseDatabase;
		};
		67743F912F9DBC50007339B3 /* FirebaseFirestore */ = {
			isa = XCSwiftPackageProductDependency;
			package = 67743F862F9DBC50007339B3 /* XCRemoteSwiftPackageReference "firebase-ios-sdk" */;
			productName = FirebaseFirestore;
		};
		67743F932F9DBC50007339B3 /* FirebaseFunctions */ = {
			isa = XCSwiftPackageProductDependency;
			package = 67743F862F9DBC50007339B3 /* XCRemoteSwiftPackageReference "firebase-ios-sdk" */;
			productName = FirebaseFunctions;
		};
		67743F952F9DBC50007339B3 /* FirebaseRemoteConfig */ = {
			isa = XCSwiftPackageProductDependency;
			package = 67743F862F9DBC50007339B3 /* XCRemoteSwiftPackageReference "firebase-ios-sdk" */;
			productName = FirebaseRemoteConfig;
		};
		67743F972F9DBC50007339B3 /* FirebaseStorage */ = {
			isa = XCSwiftPackageProductDependency;
			package = 67743F862F9DBC50007339B3 /* XCRemoteSwiftPackageReference "firebase-ios-sdk" */;
			productName = FirebaseStorage;
		};
		67743FBE2F9DD005007339B3 /* GoogleSignIn */ = {
			isa = XCSwiftPackageProductDependency;
			package = 67743FBD2F9DD005007339B3 /* XCRemoteSwiftPackageReference "GoogleSignIn-iOS" */;
			productName = GoogleSignIn;
		};
		67743FC02F9DD005007339B3 /* GoogleSignInSwift */ = {
			isa = XCSwiftPackageProductDependency;
			package = 67743FBD2F9DD005007339B3 /* XCRemoteSwiftPackageReference "GoogleSignIn-iOS" */;
			productName = GoogleSignInSwift;
		};
/* End XCSwiftPackageProductDependency section */
	};
	rootObject = 67D829702DF673CA00A43E55 /* Project object */;
}
